<?xml version="1.0" encoding="utf-8"?>
<Project ToolsVersion="4.0" xmlns="http://schemas.microsoft.com/developer/msbuild/2003">
  <ItemGroup>
    <Filter Include="Source Files">
      <UniqueIdentifier>{4FC737F1-C7A5-4376-A066-2A32D752A2FF}</UniqueIdentifier>
      <Extensions>cpp;c;cc;cxx;def;odl;idl;hpj;bat;asm;asmx</Extensions>
    </Filter>
    <Filter Include="Header Files">
      <UniqueIdentifier>{93995380-89BD-4b04-88EB-625FBE52EBFB}</UniqueIdentifier>
      <Extensions>h;hh;hpp;hxx;hm;inl;inc;xsd</Extensions>
    </Filter>
    <Filter Include="Resource Files">
      <UniqueIdentifier>{67DA6AB6-F800-4c08-8B7A-83BB121AAD01}</UniqueIdentifier>
      <Extensions>rc;ico;cur;bmp;dlg;rc2;rct;bin;rgs;gif;jpg;jpeg;jpe;resx;tiff;tif;png;wav;mfcribbon-ms</Extensions>
    </Filter>
  </ItemGroup>
  <ItemGroup>
    <Text Include="ReadMe.txt" />
  </ItemGroup>
  <ItemGroup>
    <ClInclude Include="stdafx.h">
      <Filter>Header Files</Filter>
    </ClInclude>
    <ClInclude Include="targetver.h">
      <Filter>Header Files</Filter>
    </ClInclude>
    <ClInclude Include="..\tinyxml\tinystr.h">
      <Filter>Header Files</Filter>
    </ClInclude>
    <ClInclude Include="..\tinyxml\tinyxml.h">
      <Filter>Header Files</Filter>
    </ClInclude>
    <ClInclude Include="Helper\LinkedList.h">
      <Filter>Header Files</Filter>
    </ClInclude>
    <ClInclude Include="Helper\HashTable.h">
      <Filter>Header Files</Filter>
    </ClInclude>
    <ClInclude Include="Core\System.h">
      <Filter>Header Files</Filter>
    </ClInclude>
    <ClInclude Include="Helper\Extensions.h">
      <Filter>Header Files</Filter>
    </ClInclude>
    <ClInclude Include="Components\Flight.h">
      <Filter>Header Files</Filter>
    </ClInclude>
    <ClInclude Include="Helper\DataManager.h">
      <Filter>Header Files</Filter>
    </ClInclude>
    <ClInclude Include="Core\Users.h">
      <Filter>Header Files</Filter>
    </ClInclude>
    <ClInclude Include="Components\User.h">
      <Filter>Header Files</Filter>
    </ClInclude>
    <ClInclude Include="Core\Flights.h">
      <Filter>Header Files</Filter>
    </ClInclude>
    <ClInclude Include="Users\Guest.h">
      <Filter>Header Files</Filter>
    </ClInclude>
    <ClInclude Include="Components\Session.h">
      <Filter>Header Files</Filter>
    </ClInclude>
    <ClInclude Include="Components\Passenger.h">
      <Filter>Header Files</Filter>
    </ClInclude>
    <ClInclude Include="Helper\Stack.h">
      <Filter>Header Files</Filter>
    </ClInclude>
    <ClInclude Include="Components\BoardingPass.h">
      <Filter>Header Files</Filter>
    </ClInclude>
    <ClInclude Include="Users\Admin.h">
      <Filter>Header Files</Filter>
    </ClInclude>
    <ClInclude Include="Helper\PriorityQueue.h">
      <Filter>Header Files</Filter>
    </ClInclude>
  </ItemGroup>
  <ItemGroup>
    <ClCompile Include="stdafx.cpp">
      <Filter>Source Files</Filter>
    </ClCompile>
    <ClCompile Include="CW1-T2.cpp">
      <Filter>Source Files</Filter>
    </ClCompile>
    <ClCompile Include="..\tinyxml\tinystr.cpp">
      <Filter>Source Files</Filter>
    </ClCompile>
    <ClCompile Include="..\tinyxml\tinyxml.cpp">
      <Filter>Source Files</Filter>
    </ClCompile>
    <ClCompile Include="..\tinyxml\tinyxmlerror.cpp">
      <Filter>Source Files</Filter>
    </ClCompile>
    <ClCompile Include="..\tinyxml\tinyxmlparser.cpp">
      <Filter>Source Files</Filter>
    </ClCompile>
    <ClCompile Include="Components\Flight.cpp">
      <Filter>Source Files</Filter>
    </ClCompile>
    <ClCompile Include="Core\Users.cpp">
      <Filter>Source Files</Filter>
    </ClCompile>
    <ClCompile Include="Components\User.cpp">
      <Filter>Source Files</Filter>
    </ClCompile>
    <ClCompile Include="Core\Flights.cpp">
      <Filter>Source Files</Filter>
    </ClCompile>
    <ClCompile Include="Users\Guest.cpp">
      <Filter>Source Files</Filter>
    </ClCompile>
    <ClCompile Include="Components\Session.cpp">
      <Filter>Source Files</Filter>
    </ClCompile>
    <ClCompile Include="Components\Passenger.cpp">
      <Filter>Source Files</Filter>
    </ClCompile>
    <ClCompile Include="Users\Admin.cpp">
      <Filter>Source Files</Filter>
    </ClCompile>
    <ClCompile Include="Components\BoardingPass.cpp">
      <Filter>Source Files</Filter>
    </ClCompile>
    <ClCompile Include="Helper\PriorityQueue.cpp">
      <Filter>Source Files</Filter>
    </ClCompile>
  </ItemGroup>
  <ItemGroup>
    <Xml Include="MenuItems.xml" />
    <Xml Include="Flights.xml" />
    <Xml Include="Users.xml" />
    <Xml Include="GuestMenu.xml" />
    <Xml Include="FlightsMenu.xml" />
    <Xml Include="FlightMenu.xml" />
    <Xml Include="Menu.xml" />
    <Xml Include="AdminMenu.xml" />
  </ItemGroup>
</Project>